// !$*UTF8*$!
{
	archiveVersion = 1;
	classes = {
	};
	objectVersion = 51;
	objects = {

/* Begin PBXBuildFile section */
		1FCFC7D9B989F64923AAD1FF /* Pods_weatherBox2.framework in Frameworks */ = {isa = PBXBuildFile; fileRef = D985B74CB975F27BBBEB0ADF /* Pods_weatherBox2.framework */; };
		306D70152637FF3A000F0408 /* UIFont+Extension.swift in Sources */ = {isa = PBXBuildFile; fileRef = 306D70142637FF3A000F0408 /* UIFont+Extension.swift */; };
		306D70192638176D000F0408 /* Season.swift in Sources */ = {isa = PBXBuildFile; fileRef = 306D70182638176D000F0408 /* Season.swift */; };
		306D701D263841AE000F0408 /* HourlyViewCell.swift in Sources */ = {isa = PBXBuildFile; fileRef = 306D701C263841AE000F0408 /* HourlyViewCell.swift */; };
		306D7021263846F1000F0408 /* Int+Extension.swift in Sources */ = {isa = PBXBuildFile; fileRef = 306D7020263846F1000F0408 /* Int+Extension.swift */; };
		308891D72636B6C500371B91 /* AppDelegate.swift in Sources */ = {isa = PBXBuildFile; fileRef = 308891D62636B6C500371B91 /* AppDelegate.swift */; };
		308891D92636B6C500371B91 /* SceneDelegate.swift in Sources */ = {isa = PBXBuildFile; fileRef = 308891D82636B6C500371B91 /* SceneDelegate.swift */; };
		308891DB2636B6C500371B91 /* HomeViewController.swift in Sources */ = {isa = PBXBuildFile; fileRef = 308891DA2636B6C500371B91 /* HomeViewController.swift */; };
		308891DE2636B6C500371B91 /* Main.storyboard in Resources */ = {isa = PBXBuildFile; fileRef = 308891DC2636B6C500371B91 /* Main.storyboard */; };
		308891E02636B6C700371B91 /* Assets.xcassets in Resources */ = {isa = PBXBuildFile; fileRef = 308891DF2636B6C700371B91 /* Assets.xcassets */; };
		308891E32636B6C700371B91 /* LaunchScreen.storyboard in Resources */ = {isa = PBXBuildFile; fileRef = 308891E12636B6C700371B91 /* LaunchScreen.storyboard */; };
		308891EE2636B8ED00371B91 /* LocationService.swift in Sources */ = {isa = PBXBuildFile; fileRef = 308891ED2636B8ED00371B91 /* LocationService.swift */; };
		308891F12636BAF300371B91 /* UnsplashService.swift in Sources */ = {isa = PBXBuildFile; fileRef = 308891F02636BAF300371B91 /* UnsplashService.swift */; };
		308891F52636BB0F00371B91 /* Unsplash.swift in Sources */ = {isa = PBXBuildFile; fileRef = 308891F42636BB0F00371B91 /* Unsplash.swift */; };
		308892002636BC0C00371B91 /* Constants.swift in Sources */ = {isa = PBXBuildFile; fileRef = 308891FF2636BC0C00371B91 /* Constants.swift */; };
		308892042636BC1D00371B91 /* Secrets.swift in Sources */ = {isa = PBXBuildFile; fileRef = 308892032636BC1D00371B91 /* Secrets.swift */; };
		3088920C2636C9E600371B91 /* OpenWeatherService.swift in Sources */ = {isa = PBXBuildFile; fileRef = 3088920B2636C9E600371B91 /* OpenWeatherService.swift */; };
		308892102636CB2F00371B91 /* OpenWeather.swift in Sources */ = {isa = PBXBuildFile; fileRef = 3088920F2636CB2F00371B91 /* OpenWeather.swift */; };
		30B4A0B52639678000094E2A /* UIView+Extension.swift in Sources */ = {isa = PBXBuildFile; fileRef = 30B4A0B42639678000094E2A /* UIView+Extension.swift */; };
		30C635302656659300777E1C /* Functions.swift in Sources */ = {isa = PBXBuildFile; fileRef = 30C6352F2656659300777E1C /* Functions.swift */; };
		30C635322656695D00777E1C /* WeeklyViewCell.swift in Sources */ = {isa = PBXBuildFile; fileRef = 30C635312656695D00777E1C /* WeeklyViewCell.swift */; };
/* End PBXBuildFile section */

/* Begin PBXFileReference section */
		306D70142637FF3A000F0408 /* UIFont+Extension.swift */ = {isa = PBXFileReference; lastKnownFileType = sourcecode.swift; path = "UIFont+Extension.swift"; sourceTree = "<group>"; };
		306D70182638176D000F0408 /* Season.swift */ = {isa = PBXFileReference; lastKnownFileType = sourcecode.swift; path = Season.swift; sourceTree = "<group>"; };
		306D701C263841AE000F0408 /* HourlyViewCell.swift */ = {isa = PBXFileReference; lastKnownFileType = sourcecode.swift; path = HourlyViewCell.swift; sourceTree = "<group>"; };
		306D7020263846F1000F0408 /* Int+Extension.swift */ = {isa = PBXFileReference; lastKnownFileType = sourcecode.swift; path = "Int+Extension.swift"; sourceTree = "<group>"; };
		308891D32636B6C500371B91 /* weatherBox2.app */ = {isa = PBXFileReference; explicitFileType = wrapper.application; includeInIndex = 0; path = weatherBox2.app; sourceTree = BUILT_PRODUCTS_DIR; };
		308891D62636B6C500371B91 /* AppDelegate.swift */ = {isa = PBXFileReference; lastKnownFileType = sourcecode.swift; path = AppDelegate.swift; sourceTree = "<group>"; };
		308891D82636B6C500371B91 /* SceneDelegate.swift */ = {isa = PBXFileReference; lastKnownFileType = sourcecode.swift; path = SceneDelegate.swift; sourceTree = "<group>"; };
		308891DA2636B6C500371B91 /* HomeViewController.swift */ = {isa = PBXFileReference; lastKnownFileType = sourcecode.swift; path = HomeViewController.swift; sourceTree = "<group>"; };
		308891DD2636B6C500371B91 /* Base */ = {isa = PBXFileReference; lastKnownFileType = file.storyboard; name = Base; path = Base.lproj/Main.storyboard; sourceTree = "<group>"; };
		308891DF2636B6C700371B91 /* Assets.xcassets */ = {isa = PBXFileReference; lastKnownFileType = folder.assetcatalog; path = Assets.xcassets; sourceTree = "<group>"; };
		308891E22636B6C700371B91 /* Base */ = {isa = PBXFileReference; lastKnownFileType = file.storyboard; name = Base; path = Base.lproj/LaunchScreen.storyboard; sourceTree = "<group>"; };
		308891E42636B6C700371B91 /* Info.plist */ = {isa = PBXFileReference; lastKnownFileType = text.plist.xml; path = Info.plist; sourceTree = "<group>"; };
		308891ED2636B8ED00371B91 /* LocationService.swift */ = {isa = PBXFileReference; lastKnownFileType = sourcecode.swift; path = LocationService.swift; sourceTree = "<group>"; };
		308891F02636BAF300371B91 /* UnsplashService.swift */ = {isa = PBXFileReference; lastKnownFileType = sourcecode.swift; path = UnsplashService.swift; sourceTree = "<group>"; };
		308891F42636BB0F00371B91 /* Unsplash.swift */ = {isa = PBXFileReference; lastKnownFileType = sourcecode.swift; path = Unsplash.swift; sourceTree = "<group>"; };
		308891FF2636BC0C00371B91 /* Constants.swift */ = {isa = PBXFileReference; lastKnownFileType = sourcecode.swift; path = Constants.swift; sourceTree = "<group>"; };
		308892032636BC1D00371B91 /* Secrets.swift */ = {isa = PBXFileReference; lastKnownFileType = sourcecode.swift; path = Secrets.swift; sourceTree = "<group>"; };
		3088920B2636C9E600371B91 /* OpenWeatherService.swift */ = {isa = PBXFileReference; lastKnownFileType = sourcecode.swift; path = OpenWeatherService.swift; sourceTree = "<group>"; };
		3088920F2636CB2F00371B91 /* OpenWeather.swift */ = {isa = PBXFileReference; lastKnownFileType = sourcecode.swift; path = OpenWeather.swift; sourceTree = "<group>"; };
		30B4A0B42639678000094E2A /* UIView+Extension.swift */ = {isa = PBXFileReference; lastKnownFileType = sourcecode.swift; path = "UIView+Extension.swift"; sourceTree = "<group>"; };
		30C6352F2656659300777E1C /* Functions.swift */ = {isa = PBXFileReference; lastKnownFileType = sourcecode.swift; path = Functions.swift; sourceTree = "<group>"; };
		30C635312656695D00777E1C /* WeeklyViewCell.swift */ = {isa = PBXFileReference; lastKnownFileType = sourcecode.swift; path = WeeklyViewCell.swift; sourceTree = "<group>"; };
		3BDCA26F0BF2DE939C27615B /* Pods-weatherBox2.debug.xcconfig */ = {isa = PBXFileReference; includeInIndex = 1; lastKnownFileType = text.xcconfig; name = "Pods-weatherBox2.debug.xcconfig"; path = "Target Support Files/Pods-weatherBox2/Pods-weatherBox2.debug.xcconfig"; sourceTree = "<group>"; };
		690B1A15A52E1C91FAB44CAD /* Pods-weatherBox2.release.xcconfig */ = {isa = PBXFileReference; includeInIndex = 1; lastKnownFileType = text.xcconfig; name = "Pods-weatherBox2.release.xcconfig"; path = "Target Support Files/Pods-weatherBox2/Pods-weatherBox2.release.xcconfig"; sourceTree = "<group>"; };
		D985B74CB975F27BBBEB0ADF /* Pods_weatherBox2.framework */ = {isa = PBXFileReference; explicitFileType = wrapper.framework; includeInIndex = 0; path = Pods_weatherBox2.framework; sourceTree = BUILT_PRODUCTS_DIR; };
/* End PBXFileReference section */

/* Begin PBXFrameworksBuildPhase section */
		308891D02636B6C500371B91 /* Frameworks */ = {
			isa = PBXFrameworksBuildPhase;
			buildActionMask = 2147483647;
			files = (
				1FCFC7D9B989F64923AAD1FF /* Pods_weatherBox2.framework in Frameworks */,
			);
			runOnlyForDeploymentPostprocessing = 0;
		};
/* End PBXFrameworksBuildPhase section */

/* Begin PBXGroup section */
		306D70102637FA46000F0408 /* Controllers */ = {
			isa = PBXGroup;
			children = (
				308891DA2636B6C500371B91 /* HomeViewController.swift */,
			);
			path = Controllers;
			sourceTree = "<group>";
		};
		306D70132637FF24000F0408 /* Extensions */ = {
			isa = PBXGroup;
			children = (
				306D70142637FF3A000F0408 /* UIFont+Extension.swift */,
				306D70182638176D000F0408 /* Season.swift */,
				306D7020263846F1000F0408 /* Int+Extension.swift */,
				30B4A0B42639678000094E2A /* UIView+Extension.swift */,
			);
			path = Extensions;
			sourceTree = "<group>";
		};
		306D701B2638417E000F0408 /* Views */ = {
			isa = PBXGroup;
			children = (
				306D701C263841AE000F0408 /* HourlyViewCell.swift */,
				30C635312656695D00777E1C /* WeeklyViewCell.swift */,
			);
			path = Views;
			sourceTree = "<group>";
		};
		308891CA2636B6C500371B91 = {
			isa = PBXGroup;
			children = (
				308891D52636B6C500371B91 /* weatherBox2 */,
				306D701B2638417E000F0408 /* Views */,
				308891D42636B6C500371B91 /* Products */,
				9DA3FA9C93D2907DCFB6EA7B /* Pods */,
				C924F9D3C8B04423B2DE46F8 /* Frameworks */,
			);
			sourceTree = "<group>";
		};
		308891D42636B6C500371B91 /* Products */ = {
			isa = PBXGroup;
			children = (
				308891D32636B6C500371B91 /* weatherBox2.app */,
			);
			name = Products;
			sourceTree = "<group>";
		};
		308891D52636B6C500371B91 /* weatherBox2 */ = {
			isa = PBXGroup;
			children = (
				306D70132637FF24000F0408 /* Extensions */,
				308891EC2636B8D900371B91 /* Services */,
				308891FE2636BC0000371B91 /* Resources */,
				308891F32636BB0000371B91 /* Models */,
				306D70102637FA46000F0408 /* Controllers */,
				308891DC2636B6C500371B91 /* Main.storyboard */,
				308891E12636B6C700371B91 /* LaunchScreen.storyboard */,
				308891E42636B6C700371B91 /* Info.plist */,
			);
			path = weatherBox2;
			sourceTree = "<group>";
		};
		308891EC2636B8D900371B91 /* Services */ = {
			isa = PBXGroup;
			children = (
				308891ED2636B8ED00371B91 /* LocationService.swift */,
				308891F02636BAF300371B91 /* UnsplashService.swift */,
				3088920B2636C9E600371B91 /* OpenWeatherService.swift */,
			);
			path = Services;
			sourceTree = "<group>";
		};
		308891F32636BB0000371B91 /* Models */ = {
			isa = PBXGroup;
			children = (
				308891F42636BB0F00371B91 /* Unsplash.swift */,
				3088920F2636CB2F00371B91 /* OpenWeather.swift */,
			);
			path = Models;
			sourceTree = "<group>";
		};
		308891FE2636BC0000371B91 /* Resources */ = {
			isa = PBXGroup;
			children = (
				308891D62636B6C500371B91 /* AppDelegate.swift */,
				308891D82636B6C500371B91 /* SceneDelegate.swift */,
				308891FF2636BC0C00371B91 /* Constants.swift */,
				308892032636BC1D00371B91 /* Secrets.swift */,
				308891DF2636B6C700371B91 /* Assets.xcassets */,
				30C6352F2656659300777E1C /* Functions.swift */,
			);
			path = Resources;
			sourceTree = "<group>";
		};
		9DA3FA9C93D2907DCFB6EA7B /* Pods */ = {
			isa = PBXGroup;
			children = (
				3BDCA26F0BF2DE939C27615B /* Pods-weatherBox2.debug.xcconfig */,
				690B1A15A52E1C91FAB44CAD /* Pods-weatherBox2.release.xcconfig */,
			);
			path = Pods;
			sourceTree = "<group>";
		};
		C924F9D3C8B04423B2DE46F8 /* Frameworks */ = {
			isa = PBXGroup;
			children = (
				D985B74CB975F27BBBEB0ADF /* Pods_weatherBox2.framework */,
			);
			name = Frameworks;
			sourceTree = "<group>";
		};
/* End PBXGroup section */

/* Begin PBXNativeTarget section */
		308891D22636B6C500371B91 /* weatherBox2 */ = {
			isa = PBXNativeTarget;
			buildConfigurationList = 308891E72636B6C700371B91 /* Build configuration list for PBXNativeTarget "weatherBox2" */;
			buildPhases = (
				6B87333ED44791EC930EC546 /* [CP] Check Pods Manifest.lock */,
				308891CF2636B6C500371B91 /* Sources */,
				308891D02636B6C500371B91 /* Frameworks */,
				308891D12636B6C500371B91 /* Resources */,
				EB2C86EEF8057F6EBFDB6DDD /* [CP] Embed Pods Frameworks */,
			);
			buildRules = (
			);
			dependencies = (
			);
			name = weatherBox2;
			productName = weatherBox2;
			productReference = 308891D32636B6C500371B91 /* weatherBox2.app */;
			productType = "com.apple.product-type.application";
		};
/* End PBXNativeTarget section */

/* Begin PBXProject section */
		308891CB2636B6C500371B91 /* Project object */ = {
			isa = PBXProject;
			attributes = {
				LastSwiftUpdateCheck = 1240;
				LastUpgradeCheck = 1240;
				TargetAttributes = {
					308891D22636B6C500371B91 = {
						CreatedOnToolsVersion = 12.4;
					};
				};
			};
			buildConfigurationList = 308891CE2636B6C500371B91 /* Build configuration list for PBXProject "weatherBox2" */;
			compatibilityVersion = "Xcode 9.3";
			developmentRegion = en;
			hasScannedForEncodings = 0;
			knownRegions = (
				en,
				Base,
			);
			mainGroup = 308891CA2636B6C500371B91;
			productRefGroup = 308891D42636B6C500371B91 /* Products */;
			projectDirPath = "";
			projectRoot = "";
			targets = (
				308891D22636B6C500371B91 /* weatherBox2 */,
			);
		};
/* End PBXProject section */

/* Begin PBXResourcesBuildPhase section */
		308891D12636B6C500371B91 /* Resources */ = {
			isa = PBXResourcesBuildPhase;
			buildActionMask = 2147483647;
			files = (
				308891E32636B6C700371B91 /* LaunchScreen.storyboard in Resources */,
				308891E02636B6C700371B91 /* Assets.xcassets in Resources */,
				308891DE2636B6C500371B91 /* Main.storyboard in Resources */,
			);
			runOnlyForDeploymentPostprocessing = 0;
		};
/* End PBXResourcesBuildPhase section */

/* Begin PBXShellScriptBuildPhase section */
		6B87333ED44791EC930EC546 /* [CP] Check Pods Manifest.lock */ = {
			isa = PBXShellScriptBuildPhase;
			buildActionMask = 2147483647;
			files = (
			);
			inputFileListPaths = (
			);
			inputPaths = (
				"${PODS_PODFILE_DIR_PATH}/Podfile.lock",
				"${PODS_ROOT}/Manifest.lock",
			);
			name = "[CP] Check Pods Manifest.lock";
			outputFileListPaths = (
			);
			outputPaths = (
				"$(DERIVED_FILE_DIR)/Pods-weatherBox2-checkManifestLockResult.txt",
			);
			runOnlyForDeploymentPostprocessing = 0;
			shellPath = /bin/sh;
			shellScript = "diff \"${PODS_PODFILE_DIR_PATH}/Podfile.lock\" \"${PODS_ROOT}/Manifest.lock\" > /dev/null\nif [ $? != 0 ] ; then\n    # print error to STDERR\n    echo \"error: The sandbox is not in sync with the Podfile.lock. Run 'pod install' or update your CocoaPods installation.\" >&2\n    exit 1\nfi\n# This output is used by Xcode 'outputs' to avoid re-running this script phase.\necho \"SUCCESS\" > \"${SCRIPT_OUTPUT_FILE_0}\"\n";
			showEnvVarsInLog = 0;
		};
		EB2C86EEF8057F6EBFDB6DDD /* [CP] Embed Pods Frameworks */ = {
			isa = PBXShellScriptBuildPhase;
			buildActionMask = 2147483647;
			files = (
			);
			inputFileListPaths = (
				"${PODS_ROOT}/Target Support Files/Pods-weatherBox2/Pods-weatherBox2-frameworks-${CONFIGURATION}-input-files.xcfilelist",
			);
			name = "[CP] Embed Pods Frameworks";
			outputFileListPaths = (
				"${PODS_ROOT}/Target Support Files/Pods-weatherBox2/Pods-weatherBox2-frameworks-${CONFIGURATION}-output-files.xcfilelist",
			);
			runOnlyForDeploymentPostprocessing = 0;
			shellPath = /bin/sh;
			shellScript = "\"${PODS_ROOT}/Target Support Files/Pods-weatherBox2/Pods-weatherBox2-frameworks.sh\"\n";
			showEnvVarsInLog = 0;
		};
/* End PBXShellScriptBuildPhase section */

/* Begin PBXSourcesBuildPhase section */
		308891CF2636B6C500371B91 /* Sources */ = {
			isa = PBXSourcesBuildPhase;
			buildActionMask = 2147483647;
			files = (
				308891DB2636B6C500371B91 /* HomeViewController.swift in Sources */,
				308892042636BC1D00371B91 /* Secrets.swift in Sources */,
				3088920C2636C9E600371B91 /* OpenWeatherService.swift in Sources */,
				30C635302656659300777E1C /* Functions.swift in Sources */,
				30B4A0B52639678000094E2A /* UIView+Extension.swift in Sources */,
				306D7021263846F1000F0408 /* Int+Extension.swift in Sources */,
				308891D72636B6C500371B91 /* AppDelegate.swift in Sources */,
				306D70192638176D000F0408 /* Season.swift in Sources */,
				308891EE2636B8ED00371B91 /* LocationService.swift in Sources */,
				308891F52636BB0F00371B91 /* Unsplash.swift in Sources */,
				308892102636CB2F00371B91 /* OpenWeather.swift in Sources */,
				308892002636BC0C00371B91 /* Constants.swift in Sources */,
				308891D92636B6C500371B91 /* SceneDelegate.swift in Sources */,
				308891F12636BAF300371B91 /* UnsplashService.swift in Sources */,
				306D701D263841AE000F0408 /* HourlyViewCell.swift in Sources */,
				30C635322656695D00777E1C /* WeeklyViewCell.swift in Sources */,
				306D70152637FF3A000F0408 /* UIFont+Extension.swift in Sources */,
			);
			runOnlyForDeploymentPostprocessing = 0;
		};
/* End PBXSourcesBuildPhase section */

/* Begin PBXVariantGroup section */
		308891DC2636B6C500371B91 /* Main.storyboard */ = {
			isa = PBXVariantGroup;
			children = (
				308891DD2636B6C500371B91 /* Base */,
			);
			name = Main.storyboard;
			sourceTree = "<group>";
		};
		308891E12636B6C700371B91 /* LaunchScreen.storyboard */ = {
			isa = PBXVariantGroup;
			children = (
				308891E22636B6C700371B91 /* Base */,
			);
			name = LaunchScreen.storyboard;
			sourceTree = "<group>";
		};
/* End PBXVariantGroup section */

/* Begin XCBuildConfiguration section */
		308891E52636B6C700371B91 /* Debug */ = {
			isa = XCBuildConfiguration;
			buildSettings = {
				ALWAYS_SEARCH_USER_PATHS = NO;
				CLANG_ANALYZER_NONNULL = YES;
				CLANG_ANALYZER_NUMBER_OBJECT_CONVERSION = YES_AGGRESSIVE;
				CLANG_CXX_LANGUAGE_STANDARD = "gnu++14";
				CLANG_CXX_LIBRARY = "libc++";
				CLANG_ENABLE_MODULES = YES;
				CLANG_ENABLE_OBJC_ARC = YES;
				CLANG_ENABLE_OBJC_WEAK = YES;
				CLANG_WARN_BLOCK_CAPTURE_AUTORELEASING = YES;
				CLANG_WARN_BOOL_CONVERSION = YES;
				CLANG_WARN_COMMA = YES;
				CLANG_WARN_CONSTANT_CONVERSION = YES;
				CLANG_WARN_DEPRECATED_OBJC_IMPLEMENTATIONS = YES;
				CLANG_WARN_DIRECT_OBJC_ISA_USAGE = YES_ERROR;
				CLANG_WARN_DOCUMENTATION_COMMENTS = YES;
				CLANG_WARN_EMPTY_BODY = YES;
				CLANG_WARN_ENUM_CONVERSION = YES;
				CLANG_WARN_INFINITE_RECURSION = YES;
				CLANG_WARN_INT_CONVERSION = YES;
				CLANG_WARN_NON_LITERAL_NULL_CONVERSION = YES;
				CLANG_WARN_OBJC_IMPLICIT_RETAIN_SELF = YES;
				CLANG_WARN_OBJC_LITERAL_CONVERSION = YES;
				CLANG_WARN_OBJC_ROOT_CLASS = YES_ERROR;
				CLANG_WARN_QUOTED_INCLUDE_IN_FRAMEWORK_HEADER = YES;
				CLANG_WARN_RANGE_LOOP_ANALYSIS = YES;
				CLANG_WARN_STRICT_PROTOTYPES = YES;
				CLANG_WARN_SUSPICIOUS_MOVE = YES;
				CLANG_WARN_UNGUARDED_AVAILABILITY = YES_AGGRESSIVE;
				CLANG_WARN_UNREACHABLE_CODE = YES;
				CLANG_WARN__DUPLICATE_METHOD_MATCH = YES;
				COPY_PHASE_STRIP = NO;
				DEBUG_INFORMATION_FORMAT = dwarf;
				ENABLE_STRICT_OBJC_MSGSEND = YES;
				ENABLE_TESTABILITY = YES;
				GCC_C_LANGUAGE_STANDARD = gnu11;
				GCC_DYNAMIC_NO_PIC = NO;
				GCC_NO_COMMON_BLOCKS = YES;
				GCC_OPTIMIZATION_LEVEL = 0;
				GCC_PREPROCESSOR_DEFINITIONS = (
					"DEBUG=1",
					"$(inherited)",
				);
				GCC_WARN_64_TO_32_BIT_CONVERSION = YES;
				GCC_WARN_ABOUT_RETURN_TYPE = YES_ERROR;
				GCC_WARN_UNDECLARED_SELECTOR = YES;
				GCC_WARN_UNINITIALIZED_AUTOS = YES_AGGRESSIVE;
				GCC_WARN_UNUSED_FUNCTION = YES;
				GCC_WARN_UNUSED_VARIABLE = YES;
				IPHONEOS_DEPLOYMENT_TARGET = 14.4;
				MTL_ENABLE_DEBUG_INFO = INCLUDE_SOURCE;
				MTL_FAST_MATH = YES;
				ONLY_ACTIVE_ARCH = YES;
				SDKROOT = iphoneos;
				SWIFT_ACTIVE_COMPILATION_CONDITIONS = DEBUG;
				SWIFT_OPTIMIZATION_LEVEL = "-Onone";
			};
			name = Debug;
		};
		308891E62636B6C700371B91 /* Release */ = {
			isa = XCBuildConfiguration;
			buildSettings = {
				ALWAYS_SEARCH_USER_PATHS = NO;
				CLANG_ANALYZER_NONNULL = YES;
				CLANG_ANALYZER_NUMBER_OBJECT_CONVERSION = YES_AGGRESSIVE;
				CLANG_CXX_LANGUAGE_STANDARD = "gnu++14";
				CLANG_CXX_LIBRARY = "libc++";
				CLANG_ENABLE_MODULES = YES;
				CLANG_ENABLE_OBJC_ARC = YES;
				CLANG_ENABLE_OBJC_WEAK = YES;
				CLANG_WARN_BLOCK_CAPTURE_AUTORELEASING = YES;
				CLANG_WARN_BOOL_CONVERSION = YES;
				CLANG_WARN_COMMA = YES;
				CLANG_WARN_CONSTANT_CONVERSION = YES;
				CLANG_WARN_DEPRECATED_OBJC_IMPLEMENTATIONS = YES;
				CLANG_WARN_DIRECT_OBJC_ISA_USAGE = YES_ERROR;
				CLANG_WARN_DOCUMENTATION_COMMENTS = YES;
				CLANG_WARN_EMPTY_BODY = YES;
				CLANG_WARN_ENUM_CONVERSION = YES;
				CLANG_WARN_INFINITE_RECURSION = YES;
				CLANG_WARN_INT_CONVERSION = YES;
				CLANG_WARN_NON_LITERAL_NULL_CONVERSION = YES;
				CLANG_WARN_OBJC_IMPLICIT_RETAIN_SELF = YES;
				CLANG_WARN_OBJC_LITERAL_CONVERSION = YES;
				CLANG_WARN_OBJC_ROOT_CLASS = YES_ERROR;
				CLANG_WARN_QUOTED_INCLUDE_IN_FRAMEWORK_HEADER = YES;
				CLANG_WARN_RANGE_LOOP_ANALYSIS = YES;
				CLANG_WARN_STRICT_PROTOTYPES = YES;
				CLANG_WARN_SUSPICIOUS_MOVE = YES;
				CLANG_WARN_UNGUARDED_AVAILABILITY = YES_AGGRESSIVE;
				CLANG_WARN_UNREACHABLE_CODE = YES;
				CLANG_WARN__DUPLICATE_METHOD_MATCH = YES;
				COPY_PHASE_STRIP = NO;
				DEBUG_INFORMATION_FORMAT = "dwarf-with-dsym";
				ENABLE_NS_ASSERTIONS = NO;
				ENABLE_STRICT_OBJC_MSGSEND = YES;
				GCC_C_LANGUAGE_STANDARD = gnu11;
				GCC_NO_COMMON_BLOCKS = YES;
				GCC_WARN_64_TO_32_BIT_CONVERSION = YES;
				GCC_WARN_ABOUT_RETURN_TYPE = YES_ERROR;
				GCC_WARN_UNDECLARED_SELECTOR = YES;
				GCC_WARN_UNINITIALIZED_AUTOS = YES_AGGRESSIVE;
				GCC_WARN_UNUSED_FUNCTION = YES;
				GCC_WARN_UNUSED_VARIABLE = YES;
				IPHONEOS_DEPLOYMENT_TARGET = 14.4;
				MTL_ENABLE_DEBUG_INFO = NO;
				MTL_FAST_MATH = YES;
				SDKROOT = iphoneos;
				SWIFT_COMPILATION_MODE = wholemodule;
				SWIFT_OPTIMIZATION_LEVEL = "-O";
				VALIDATE_PRODUCT = YES;
			};
			name = Release;
		};
		308891E82636B6C700371B91 /* Debug */ = {
			isa = XCBuildConfiguration;
			baseConfigurationReference = 3BDCA26F0BF2DE939C27615B /* Pods-weatherBox2.debug.xcconfig */;
			buildSettings = {
				ASSETCATALOG_COMPILER_APPICON_NAME = AppIcon;
				ASSETCATALOG_COMPILER_GLOBAL_ACCENT_COLOR_NAME = AccentColor;
				CODE_SIGN_STYLE = Automatic;
				DEVELOPMENT_TEAM = GCQ4TX8M8Z;
				INFOPLIST_FILE = weatherBox2/Info.plist;
				LD_RUNPATH_SEARCH_PATHS = (
					"$(inherited)",
					"@executable_path/Frameworks",
				);
				PRODUCT_BUNDLE_IDENTIFIER = com.scibor.be.weatherBox2;
				PRODUCT_NAME = "$(TARGET_NAME)";
				SWIFT_VERSION = 5.0;
				TARGETED_DEVICE_FAMILY = "1,2";
			};
			name = Debug;
		};
		308891E92636B6C700371B91 /* Release */ = {
			isa = XCBuildConfiguration;
			baseConfigurationReference = 690B1A15A52E1C91FAB44CAD /* Pods-weatherBox2.release.xcconfig */;
			buildSettings = {
				ASSETCATALOG_COMPILER_APPICON_NAME = AppIcon;
				ASSETCATALOG_COMPILER_GLOBAL_ACCENT_COLOR_NAME = AccentColor;
				CODE_SIGN_STYLE = Automatic;
				DEVELOPMENT_TEAM = GCQ4TX8M8Z;
				INFOPLIST_FILE = weatherBox2/Info.plist;
				LD_RUNPATH_SEARCH_PATHS = (
					"$(inherited)",
					"@executable_path/Frameworks",
				);
				PRODUCT_BUNDLE_IDENTIFIER = com.scibor.be.weatherBox2;
				PRODUCT_NAME = "$(TARGET_NAME)";
				SWIFT_VERSION = 5.0;
				TARGETED_DEVICE_FAMILY = "1,2";
			};
			name = Release;
		};
/* End XCBuildConfiguration section */

/* Begin XCConfigurationList section */
		308891CE2636B6C500371B91 /* Build configuration list for PBXProject "weatherBox2" */ = {
			isa = XCConfigurationList;
			buildConfigurations = (
				308891E52636B6C700371B91 /* Debug */,
				308891E62636B6C700371B91 /* Release */,
			);
			defaultConfigurationIsVisible = 0;
			defaultConfigurationName = Release;
		};
		308891E72636B6C700371B91 /* Build configuration list for PBXNativeTarget "weatherBox2" */ = {
			isa = XCConfigurationList;
			buildConfigurations = (
				308891E82636B6C700371B91 /* Debug */,
				308891E92636B6C700371B91 /* Release */,
			);
			defaultConfigurationIsVisible = 0;
			defaultConfigurationName = Release;
		};
/* End XCConfigurationList section */
	};
	rootObject = 308891CB2636B6C500371B91 /* Project object */;
}
